
Microsoft Visual Studio Solution File, Format Version 12.00
# Visual Studio Version 16
VisualStudioVersion = 16.0.30711.63
MinimumVisualStudioVersion = 10.0.40219.1
Project("{FAE04EC0-301F-11D3-BF4B-00C04F79EFBC}") = "EF_CodeFirst_Core", "EF_CodeFirst_Core\EF_CodeFirst_Core.csproj", "{87D288BD-9FA3-4B50-B9CB-8FC5C257756B}"
EndProject
Global
	GlobalSection(SolutionConfigurationPlatforms) = preSolution
		Debug|Any CPU = Debug|Any CPU
		Release|Any CPU = Release|Any CPU
	EndGlobalSection
	GlobalSection(ProjectConfigurationPlatforms) = postSolution
		{87D288BD-9FA3-4B50-B9CB-8FC5C257756B}.Debug|Any CPU.ActiveCfg = Debug|Any CPU
		{87D288BD-9FA3-4B50-B9CB-8FC5C257756B}.Debug|Any CPU.Build.0 = Debug|Any CPU
		{87D288BD-9FA3-4B50-B9CB-8FC5C257756B}.Release|Any CPU.ActiveCfg = Release|Any CPU
		{87D288BD-9FA3-4B50-B9CB-8FC5C257756B}.Release|Any CPU.Build.0 = Release|Any CPU
	EndGlobalSection
	GlobalSection(SolutionProperties) = preSolution
		HideSolutionNode = FALSE
	EndGlobalSection
	GlobalSection(ExtensibilityGlobals) = postSolution
		SolutionGuid = {3FF2AA12-936C-4C56-92FD-8CB8A13FBD51}
	EndGlobalSection
EndGlobal
